// !$*UTF8*$!
{
	archiveVersion = 1;
	classes = {
	};
	objectVersion = 46;
	objects = {

/* Begin PBXBuildFile section */
		2306CF4C1EC3001600C4F8B7 /* main.m in Sources */ = {isa = PBXBuildFile; fileRef = 2306CF4B1EC3001600C4F8B7 /* main.m */; };
		2306CF4F1EC3001600C4F8B7 /* AppDelegate.m in Sources */ = {isa = PBXBuildFile; fileRef = 2306CF4E1EC3001600C4F8B7 /* AppDelegate.m */; };
		2306CF521EC3001600C4F8B7 /* ViewController.m in Sources */ = {isa = PBXBuildFile; fileRef = 2306CF511EC3001600C4F8B7 /* ViewController.m */; };
		2306CF551EC3001600C4F8B7 /* Main.storyboard in Resources */ = {isa = PBXBuildFile; fileRef = 2306CF531EC3001600C4F8B7 /* Main.storyboard */; };
		2306CF571EC3001600C4F8B7 /* Assets.xcassets in Resources */ = {isa = PBXBuildFile; fileRef = 2306CF561EC3001600C4F8B7 /* Assets.xcassets */; };
		2306CF5A1EC3001600C4F8B7 /* LaunchScreen.storyboard in Resources */ = {isa = PBXBuildFile; fileRef = 2306CF581EC3001600C4F8B7 /* LaunchScreen.storyboard */; };
		2306CF651EC3001600C4F8B7 /* UinavigationTestTests.m in Sources */ = {isa = PBXBuildFile; fileRef = 2306CF641EC3001600C4F8B7 /* UinavigationTestTests.m */; };
		2306CF701EC3001600C4F8B7 /* UinavigationTestUITests.m in Sources */ = {isa = PBXBuildFile; fileRef = 2306CF6F1EC3001600C4F8B7 /* UinavigationTestUITests.m */; };
/* End PBXBuildFile section */

/* Begin PBXContainerItemProxy section */
		2306CF611EC3001600C4F8B7 /* PBXContainerItemProxy */ = {
			isa = PBXContainerItemProxy;
			containerPortal = 2306CF3F1EC3001600C4F8B7 /* Project object */;
			proxyType = 1;
			remoteGlobalIDString = 2306CF461EC3001600C4F8B7;
			remoteInfo = UinavigationTest;
		};
		2306CF6C1EC3001600C4F8B7 /* PBXContainerItemProxy */ = {
			isa = PBXContainerItemProxy;
			containerPortal = 2306CF3F1EC3001600C4F8B7 /* Project object */;
			proxyType = 1;
			remoteGlobalIDString = 2306CF461EC3001600C4F8B7;
			remoteInfo = UinavigationTest;
		};
/* End PBXContainerItemProxy section */

/* Begin PBXFileReference section */
		2306CF471EC3001600C4F8B7 /* UinavigationTest.app */ = {isa = PBXFileReference; explicitFileType = wrapper.application; includeInIndex = 0; path = UinavigationTest.app; sourceTree = BUILT_PRODUCTS_DIR; };
		2306CF4B1EC3001600C4F8B7 /* main.m */ = {isa = PBXFileReference; lastKnownFileType = sourcecode.c.objc; path = main.m; sourceTree = "<group>"; };
		2306CF4D1EC3001600C4F8B7 /* AppDelegate.h */ = {isa = PBXFileReference; lastKnownFileType = sourcecode.c.h; path = AppDelegate.h; sourceTree = "<group>"; };
		2306CF4E1EC3001600C4F8B7 /* AppDelegate.m */ = {isa = PBXFileReference; lastKnownFileType = sourcecode.c.objc; path = AppDelegate.m; sourceTree = "<group>"; };
		2306CF501EC3001600C4F8B7 /* ViewController.h */ = {isa = PBXFileReference; lastKnownFileType = sourcecode.c.h; path = ViewController.h; sourceTree = "<group>"; };
		2306CF511EC3001600C4F8B7 /* ViewController.m */ = {isa = PBXFileReference; lastKnownFileType = sourcecode.c.objc; path = ViewController.m; sourceTree = "<group>"; };
		2306CF541EC3001600C4F8B7 /* Base */ = {isa = PBXFileReference; lastKnownFileType = file.storyboard; name = Base; path = Base.lproj/Main.storyboard; sourceTree = "<group>"; };
		2306CF561EC3001600C4F8B7 /* Assets.xcassets */ = {isa = PBXFileReference; lastKnownFileType = folder.assetcatalog; path = Assets.xcassets; sourceTree = "<group>"; };
		2306CF591EC3001600C4F8B7 /* Base */ = {isa = PBXFileReference; lastKnownFileType = file.storyboard; name = Base; path = Base.lproj/LaunchScreen.storyboard; sourceTree = "<group>"; };
		2306CF5B1EC3001600C4F8B7 /* Info.plist */ = {isa = PBXFileReference; lastKnownFileType = text.plist.xml; path = Info.plist; sourceTree = "<group>"; };
		2306CF601EC3001600C4F8B7 /* UinavigationTestTests.xctest */ = {isa = PBXFileReference; explicitFileType = wrapper.cfbundle; includeInIndex = 0; path = UinavigationTestTests.xctest; sourceTree = BUILT_PRODUCTS_DIR; };
		2306CF641EC3001600C4F8B7 /* UinavigationTestTests.m */ = {isa = PBXFileReference; lastKnownFileType = sourcecode.c.objc; path = UinavigationTestTests.m; sourceTree = "<group>"; };
		2306CF661EC3001600C4F8B7 /* Info.plist */ = {isa = PBXFileReference; lastKnownFileType = text.plist.xml; path = Info.plist; sourceTree = "<group>"; };
		2306CF6B1EC3001600C4F8B7 /* UinavigationTestUITests.xctest */ = {isa = PBXFileReference; explicitFileType = wrapper.cfbundle; includeInIndex = 0; path = UinavigationTestUITests.xctest; sourceTree = BUILT_PRODUCTS_DIR; };
		2306CF6F1EC3001600C4F8B7 /* UinavigationTestUITests.m */ = {isa = PBXFileReference; lastKnownFileType = sourcecode.c.objc; path = UinavigationTestUITests.m; sourceTree = "<group>"; };
		2306CF711EC3001600C4F8B7 /* Info.plist */ = {isa = PBXFileReference; lastKnownFileType = text.plist.xml; path = Info.plist; sourceTree = "<group>"; };
/* End PBXFileReference section */

/* Begin PBXFrameworksBuildPhase section */
		2306CF441EC3001600C4F8B7 /* Frameworks */ = {
			isa = PBXFrameworksBuildPhase;
			buildActionMask = 2147483647;
			files = (
			);
			runOnlyForDeploymentPostprocessing = 0;
		};
		2306CF5D1EC3001600C4F8B7 /* Frameworks */ = {
			isa = PBXFrameworksBuildPhase;
			buildActionMask = 2147483647;
			files = (
			);
			runOnlyForDeploymentPostprocessing = 0;
		};
		2306CF681EC3001600C4F8B7 /* Frameworks */ = {
			isa = PBXFrameworksBuildPhase;
			buildActionMask = 2147483647;
			files = (
			);
			runOnlyForDeploymentPostprocessing = 0;
		};
/* End PBXFrameworksBuildPhase section */

/* Begin PBXGroup section */
		2306CF3E1EC3001600C4F8B7 = {
			isa = PBXGroup;
			children = (
				2306CF491EC3001600C4F8B7 /* UinavigationTest */,
				2306CF631EC3001600C4F8B7 /* UinavigationTestTests */,
				2306CF6E1EC3001600C4F8B7 /* UinavigationTestUITests */,
				2306CF481EC3001600C4F8B7 /* Products */,
			);
			sourceTree = "<group>";
		};
		2306CF481EC3001600C4F8B7 /* Products */ = {
			isa = PBXGroup;
			children = (
				2306CF471EC3001600C4F8B7 /* UinavigationTest.app */,
				2306CF601EC3001600C4F8B7 /* UinavigationTestTests.xctest */,
				2306CF6B1EC3001600C4F8B7 /* UinavigationTestUITests.xctest */,
			);
			name = Products;
			sourceTree = "<group>";
		};
		2306CF491EC3001600C4F8B7 /* UinavigationTest */ = {
			isa = PBXGroup;
			children = (
				2306CF4D1EC3001600C4F8B7 /* AppDelegate.h */,
				2306CF4E1EC3001600C4F8B7 /* AppDelegate.m */,
				2306CF501EC3001600C4F8B7 /* ViewController.h */,
				2306CF511EC3001600C4F8B7 /* ViewController.m */,
				2306CF531EC3001600C4F8B7 /* Main.storyboard */,
				2306CF561EC3001600C4F8B7 /* Assets.xcassets */,
				2306CF581EC3001600C4F8B7 /* LaunchScreen.storyboard */,
				2306CF5B1EC3001600C4F8B7 /* Info.plist */,
				2306CF4A1EC3001600C4F8B7 /* Supporting Files */,
			);
			path = UinavigationTest;
			sourceTree = "<group>";
		};
		2306CF4A1EC3001600C4F8B7 /* Supporting Files */ = {
			isa = PBXGroup;
			children = (
				2306CF4B1EC3001600C4F8B7 /* main.m */,
			);
			name = "Supporting Files";
			sourceTree = "<group>";
		};
		2306CF631EC3001600C4F8B7 /* UinavigationTestTests */ = {
			isa = PBXGroup;
			children = (
				2306CF641EC3001600C4F8B7 /* UinavigationTestTests.m */,
				2306CF661EC3001600C4F8B7 /* Info.plist */,
			);
			path = UinavigationTestTests;
			sourceTree = "<group>";
		};
		2306CF6E1EC3001600C4F8B7 /* UinavigationTestUITests */ = {
			isa = PBXGroup;
			children = (
				2306CF6F1EC3001600C4F8B7 /* UinavigationTestUITests.m */,
				2306CF711EC3001600C4F8B7 /* Info.plist */,
			);
			path = UinavigationTestUITests;
			sourceTree = "<group>";
		};
/* End PBXGroup section */

/* Begin PBXNativeTarget section */
		2306CF461EC3001600C4F8B7 /* UinavigationTest */ = {
			isa = PBXNativeTarget;
			buildConfigurationList = 2306CF741EC3001600C4F8B7 /* Build configuration list for PBXNativeTarget "UinavigationTest" */;
			buildPhases = (
				2306CF431EC3001600C4F8B7 /* Sources */,
				2306CF441EC3001600C4F8B7 /* Frameworks */,
				2306CF451EC3001600C4F8B7 /* Resources */,
			);
			buildRules = (
			);
			dependencies = (
			);
			name = UinavigationTest;
			productName = UinavigationTest;
			productReference = 2306CF471EC3001600C4F8B7 /* UinavigationTest.app */;
			productType = "com.apple.product-type.application";
		};
		2306CF5F1EC3001600C4F8B7 /* UinavigationTestTests */ = {
			isa = PBXNativeTarget;
			buildConfigurationList = 2306CF771EC3001600C4F8B7 /* Build configuration list for PBXNativeTarget "UinavigationTestTests" */;
			buildPhases = (
				2306CF5C1EC3001600C4F8B7 /* Sources */,
				2306CF5D1EC3001600C4F8B7 /* Frameworks */,
				2306CF5E1EC3001600C4F8B7 /* Resources */,
			);
			buildRules = (
			);
			dependencies = (
				2306CF621EC3001600C4F8B7 /* PBXTargetDependency */,
			);
			name = UinavigationTestTests;
			productName = UinavigationTestTests;
			productReference = 2306CF601EC3001600C4F8B7 /* UinavigationTestTests.xctest */;
			productType = "com.apple.product-type.bundle.unit-test";
		};
		2306CF6A1EC3001600C4F8B7 /* UinavigationTestUITests */ = {
			isa = PBXNativeTarget;
			buildConfigurationList = 2306CF7A1EC3001600C4F8B7 /* Build configuration list for PBXNativeTarget "UinavigationTestUITests" */;
			buildPhases = (
				2306CF671EC3001600C4F8B7 /* Sources */,
				2306CF681EC3001600C4F8B7 /* Frameworks */,
				2306CF691EC3001600C4F8B7 /* Resources */,
			);
			buildRules = (
			);
			dependencies = (
				2306CF6D1EC3001600C4F8B7 /* PBXTargetDependency */,
			);
			name = UinavigationTestUITests;
			productName = UinavigationTestUITests;
			productReference = 2306CF6B1EC3001600C4F8B7 /* UinavigationTestUITests.xctest */;
			productType = "com.apple.product-type.bundle.ui-testing";
		};
/* End PBXNativeTarget section */

/* Begin PBXProject section */
		2306CF3F1EC3001600C4F8B7 /* Project object */ = {
			isa = PBXProject;
			attributes = {
				LastUpgradeCheck = 0830;
				ORGANIZATIONNAME = r;
				TargetAttributes = {
					2306CF461EC3001600C4F8B7 = {
						CreatedOnToolsVersion = 8.3.1;
						ProvisioningStyle = Automatic;
					};
					2306CF5F1EC3001600C4F8B7 = {
						CreatedOnToolsVersion = 8.3.1;
						ProvisioningStyle = Automatic;
						TestTargetID = 2306CF461EC3001600C4F8B7;
					};
					2306CF6A1EC3001600C4F8B7 = {
						CreatedOnToolsVersion = 8.3.1;
						ProvisioningStyle = Automatic;
						TestTargetID = 2306CF461EC3001600C4F8B7;
					};
				};
			};
			buildConfigurationList = 2306CF421EC3001600C4F8B7 /* Build configuration list for PBXProject "UinavigationTest" */;
			compatibilityVersion = "Xcode 3.2";
			developmentRegion = English;
			hasScannedForEncodings = 0;
			knownRegions = (
				en,
				Base,
			);
			mainGroup = 2306CF3E1EC3001600C4F8B7;
			productRefGroup = 2306CF481EC3001600C4F8B7 /* Products */;
			projectDirPath = "";
			projectRoot = "";
			targets = (
				2306CF461EC3001600C4F8B7 /* UinavigationTest */,
				2306CF5F1EC3001600C4F8B7 /* UinavigationTestTests */,
				2306CF6A1EC3001600C4F8B7 /* UinavigationTestUITests */,
			);
		};
/* End PBXProject section */

/* Begin PBXResourcesBuildPhase section */
		2306CF451EC3001600C4F8B7 /* Resources */ = {
			isa = PBXResourcesBuildPhase;
			buildActionMask = 2147483647;
			files = (
				2306CF5A1EC3001600C4F8B7 /* LaunchScreen.storyboard in Resources */,
				2306CF571EC3001600C4F8B7 /* Assets.xcassets in Resources */,
				2306CF551EC3001600C4F8B7 /* Main.storyboard in Resources */,
			);
			runOnlyForDeploymentPostprocessing = 0;
		};
		2306CF5E1EC3001600C4F8B7 /* Resources */ = {
			isa = PBXResourcesBuildPhase;
			buildActionMask = 2147483647;
			files = (
			);
			runOnlyForDeploymentPostprocessing = 0;
		};
		2306CF691EC3001600C4F8B7 /* Resources */ = {
			isa = PBXResourcesBuildPhase;
			buildActionMask = 2147483647;
			files = (
			);
			runOnlyForDeploymentPostprocessing = 0;
		};
/* End PBXResourcesBuildPhase section */

/* Begin PBXSourcesBuildPhase section */
		2306CF431EC3001600C4F8B7 /* Sources */ = {
			isa = PBXSourcesBuildPhase;
			buildActionMask = 2147483647;
			files = (
				2306CF521EC3001600C4F8B7 /* ViewController.m in Sources */,
				2306CF4F1EC3001600C4F8B7 /* AppDelegate.m in Sources */,
				2306CF4C1EC3001600C4F8B7 /* main.m in Sources */,
			);
			runOnlyForDeploymentPostprocessing = 0;
		};
		2306CF5C1EC3001600C4F8B7 /* Sources */ = {
			isa = PBXSourcesBuildPhase;
			buildActionMask = 2147483647;
			files = (
				2306CF651EC3001600C4F8B7 /* UinavigationTestTests.m in Sources */,
			);
			runOnlyForDeploymentPostprocessing = 0;
		};
		2306CF671EC3001600C4F8B7 /* Sources */ = {
			isa = PBXSourcesBuildPhase;
			buildActionMask = 2147483647;
			files = (
				2306CF701EC3001600C4F8B7 /* UinavigationTestUITests.m in Sources */,
			);
			runOnlyForDeploymentPostprocessing = 0;
		};
/* End PBXSourcesBuildPhase section */

/* Begin PBXTargetDependency section */
		2306CF621EC3001600C4F8B7 /* PBXTargetDependency */ = {
			isa = PBXTargetDependency;
			target = 2306CF461EC3001600C4F8B7 /* UinavigationTest */;
			targetProxy = 2306CF611EC3001600C4F8B7 /* PBXContainerItemProxy */;
		};
		2306CF6D1EC3001600C4F8B7 /* PBXTargetDependency */ = {
			isa = PBXTargetDependency;
			target = 2306CF461EC3001600C4F8B7 /* UinavigationTest */;
			targetProxy = 2306CF6C1EC3001600C4F8B7 /* PBXContainerItemProxy */;
		};
/* End PBXTargetDependency section */

/* Begin PBXVariantGroup section */
		2306CF531EC3001600C4F8B7 /* Main.storyboard */ = {
			isa = PBXVariantGroup;
			children = (
				2306CF541EC3001600C4F8B7 /* Base */,
			);
			name = Main.storyboard;
			sourceTree = "<group>";
		};
		2306CF581EC3001600C4F8B7 /* LaunchScreen.storyboard */ = {
			isa = PBXVariantGroup;
			children = (
				2306CF591EC3001600C4F8B7 /* Base */,
			);
			name = LaunchScreen.storyboard;
			sourceTree = "<group>";
		};
/* End PBXVariantGroup section */

/* Begin XCBuildConfiguration section */
		2306CF721EC3001600C4F8B7 /* Debug */ = {
			isa = XCBuildConfiguration;
			buildSettings = {
				ALWAYS_SEARCH_USER_PATHS = NO;
				CLANG_ANALYZER_NONNULL = YES;
				CLANG_ANALYZER_NUMBER_OBJECT_CONVERSION = YES_AGGRESSIVE;
				CLANG_CXX_LANGUAGE_STANDARD = "gnu++0x";
				CLANG_CXX_LIBRARY = "libc++";
				CLANG_ENABLE_MODULES = YES;
				CLANG_ENABLE_OBJC_ARC = YES;
				CLANG_WARN_BOOL_CONVERSION = YES;
				CLANG_WARN_CONSTANT_CONVERSION = YES;
				CLANG_WARN_DIRECT_OBJC_ISA_USAGE = YES_ERROR;
				CLANG_WARN_DOCUMENTATION_COMMENTS = YES;
				CLANG_WARN_EMPTY_BODY = YES;
				CLANG_WARN_ENUM_CONVERSION = YES;
				CLANG_WARN_INFINITE_RECURSION = YES;
				CLANG_WARN_INT_CONVERSION = YES;
				CLANG_WARN_OBJC_ROOT_CLASS = YES_ERROR;
				CLANG_WARN_SUSPICIOUS_MOVE = YES;
				CLANG_WARN_UNREACHABLE_CODE = YES;
				CLANG_WARN__DUPLICATE_METHOD_MATCH = YES;
				"CODE_SIGN_IDENTITY[sdk=iphoneos*]" = "iPhone Developer";
				COPY_PHASE_STRIP = NO;
				DEBUG_INFORMATION_FORMAT = dwarf;
				ENABLE_STRICT_OBJC_MSGSEND = YES;
				ENABLE_TESTABILITY = YES;
				GCC_C_LANGUAGE_STANDARD = gnu99;
				GCC_DYNAMIC_NO_PIC = NO;
				GCC_NO_COMMON_BLOCKS = YES;
				GCC_OPTIMIZATION_LEVEL = 0;
				GCC_PREPROCESSOR_DEFINITIONS = (
					"DEBUG=1",
					"$(inherited)",
				);
				GCC_WARN_64_TO_32_BIT_CONVERSION = YES;
				GCC_WARN_ABOUT_RETURN_TYPE = YES_ERROR;
				GCC_WARN_UNDECLARED_SELECTOR = YES;
				GCC_WARN_UNINITIALIZED_AUTOS = YES_AGGRESSIVE;
				GCC_WARN_UNUSED_FUNCTION = YES;
				GCC_WARN_UNUSED_VARIABLE = YES;
				IPHONEOS_DEPLOYMENT_TARGET = 10.3;
				MTL_ENABLE_DEBUG_INFO = YES;
				ONLY_ACTIVE_ARCH = YES;
				SDKROOT = iphoneos;
			};
			name = Debug;
		};
		2306CF731EC3001600C4F8B7 /* Release */ = {
			isa = XCBuildConfiguration;
			buildSettings = {
				ALWAYS_SEARCH_USER_PATHS = NO;
				CLANG_ANALYZER_NONNULL = YES;
				CLANG_ANALYZER_NUMBER_OBJECT_CONVERSION = YES_AGGRESSIVE;
				CLANG_CXX_LANGUAGE_STANDARD = "gnu++0x";
				CLANG_CXX_LIBRARY = "libc++";
				CLANG_ENABLE_MODULES = YES;
				CLANG_ENABLE_OBJC_ARC = YES;
				CLANG_WARN_BOOL_CONVERSION = YES;
				CLANG_WARN_CONSTANT_CONVERSION = YES;
				CLANG_WARN_DIRECT_OBJC_ISA_USAGE = YES_ERROR;
				CLANG_WARN_DOCUMENTATION_COMMENTS = YES;
				CLANG_WARN_EMPTY_BODY = YES;
				CLANG_WARN_ENUM_CONVERSION = YES;
				CLANG_WARN_INFINITE_RECURSION = YES;
				CLANG_WARN_INT_CONVERSION = YES;
				CLANG_WARN_OBJC_ROOT_CLASS = YES_ERROR;
				CLANG_WARN_SUSPICIOUS_MOVE = YES;
				CLANG_WARN_UNREACHABLE_CODE = YES;
				CLANG_WARN__DUPLICATE_METHOD_MATCH = YES;
				"CODE_SIGN_IDENTITY[sdk=iphoneos*]" = "iPhone Developer";
				COPY_PHASE_STRIP = NO;
				DEBUG_INFORMATION_FORMAT = "dwarf-with-dsym";
				ENABLE_NS_ASSERTIONS = NO;
				ENABLE_STRICT_OBJC_MSGSEND = YES;
				GCC_C_LANGUAGE_STANDARD = gnu99;
				GCC_NO_COMMON_BLOCKS = YES;
				GCC_WARN_64_TO_32_BIT_CONVERSION = YES;
				GCC_WARN_ABOUT_RETURN_TYPE = YES_ERROR;
				GCC_WARN_UNDECLARED_SELECTOR = YES;
				GCC_WARN_UNINITIALIZED_AUTOS = YES_AGGRESSIVE;
				GCC_WARN_UNUSED_FUNCTION = YES;
				GCC_WARN_UNUSED_VARIABLE = YES;
				IPHONEOS_DEPLOYMENT_TARGET = 10.3;
				MTL_ENABLE_DEBUG_INFO = NO;
				SDKROOT = iphoneos;
				VALIDATE_PRODUCT = YES;
			};
			name = Release;
		};
		2306CF751EC3001600C4F8B7 /* Debug */ = {
			isa = XCBuildConfiguration;
			buildSettings = {
				ASSETCATALOG_COMPILER_APPICON_NAME = AppIcon;
				INFOPLIST_FILE = UinavigationTest/Info.plist;
				LD_RUNPATH_SEARCH_PATHS = "$(inherited) @executable_path/Frameworks";
				PRODUCT_BUNDLE_IDENTIFIER = "-632587410.UinavigationTest";
				PRODUCT_NAME = "$(TARGET_NAME)";
			};
			name = Debug;
		};
		2306CF761EC3001600C4F8B7 /* Release */ = {
			isa = XCBuildConfiguration;
			buildSettings = {
				ASSETCATALOG_COMPILER_APPICON_NAME = AppIcon;
				INFOPLIST_FILE = UinavigationTest/Info.plist;
				LD_RUNPATH_SEARCH_PATHS = "$(inherited) @executable_path/Frameworks";
				PRODUCT_BUNDLE_IDENTIFIER = "-632587410.UinavigationTest";
				PRODUCT_NAME = "$(TARGET_NAME)";
			};
			name = Release;
		};
		2306CF781EC3001600C4F8B7 /* Debug */ = {
			isa = XCBuildConfiguration;
			buildSettings = {
				BUNDLE_LOADER = "$(TEST_HOST)";
				INFOPLIST_FILE = UinavigationTestTests/Info.plist;
				LD_RUNPATH_SEARCH_PATHS = "$(inherited) @executable_path/Frameworks @loader_path/Frameworks";
				PRODUCT_BUNDLE_IDENTIFIER = "-632587410.UinavigationTestTests";
				PRODUCT_NAME = "$(TARGET_NAME)";
				TEST_HOST = "$(BUILT_PRODUCTS_DIR)/UinavigationTest.app/UinavigationTest";
			};
			name = Debug;
		};
		2306CF791EC3001600C4F8B7 /* Release */ = {
			isa = XCBuildConfiguration;
			buildSettings = {
				BUNDLE_LOADER = "$(TEST_HOST)";
				INFOPLIST_FILE = UinavigationTestTests/Info.plist;
				LD_RUNPATH_SEARCH_PATHS = "$(inherited) @executable_path/Frameworks @loader_path/Frameworks";
				PRODUCT_BUNDLE_IDENTIFIER = "-632587410.UinavigationTestTests";
				PRODUCT_NAME = "$(TARGET_NAME)";
				TEST_HOST = "$(BUILT_PRODUCTS_DIR)/UinavigationTest.app/UinavigationTest";
			};
			name = Release;
		};
		2306CF7B1EC3001600C4F8B7 /* Debug */ = {
			isa = XCBuildConfiguration;
			buildSettings = {
				INFOPLIST_FILE = UinavigationTestUITests/Info.plist;
				LD_RUNPATH_SEARCH_PATHS = "$(inherited) @executable_path/Frameworks @loader_path/Frameworks";
				PRODUCT_BUNDLE_IDENTIFIER = "-632587410.UinavigationTestUITests";
				PRODUCT_NAME = "$(TARGET_NAME)";
				TEST_TARGET_NAME = UinavigationTest;
			};
			name = Debug;
		};
		2306CF7C1EC3001600C4F8B7 /* Release */ = {
			isa = XCBuildConfiguration;
			buildSettings = {
				INFOPLIST_FILE = UinavigationTestUITests/Info.plist;
				LD_RUNPATH_SEARCH_PATHS = "$(inherited) @executable_path/Frameworks @loader_path/Frameworks";
				PRODUCT_BUNDLE_IDENTIFIER = "-632587410.UinavigationTestUITests";
				PRODUCT_NAME = "$(TARGET_NAME)";
				TEST_TARGET_NAME = UinavigationTest;
			};
			name = Release;
		};
/* End XCBuildConfiguration section */

/* Begin XCConfigurationList section */
		2306CF421EC3001600C4F8B7 /* Build configuration list for PBXProject "UinavigationTest" */ = {
			isa = XCConfigurationList;
			buildConfigurations = (
				2306CF721EC3001600C4F8B7 /* Debug */,
				2306CF731EC3001600C4F8B7 /* Release */,
			);
			defaultConfigurationIsVisible = 0;
			defaultConfigurationName = Release;
		};
		2306CF741EC3001600C4F8B7 /* Build configuration list for PBXNativeTarget "UinavigationTest" */ = {
			isa = XCConfigurationList;
			buildConfigurations = (
				2306CF751EC3001600C4F8B7 /* Debug */,
				2306CF761EC3001600C4F8B7 /* Release */,
			);
			defaultConfigurationIsVisible = 0;
		};
		2306CF771EC3001600C4F8B7 /* Build configuration list for PBXNativeTarget "UinavigationTestTests" */ = {
			isa = XCConfigurationList;
			buildConfigurations = (
				2306CF781EC3001600C4F8B7 /* Debug */,
				2306CF791EC3001600C4F8B7 /* Release */,
			);
			defaultConfigurationIsVisible = 0;
		};
		2306CF7A1EC3001600C4F8B7 /* Build configuration list for PBXNativeTarget "UinavigationTestUITests" */ = {
			isa = XCConfigurationList;
			buildConfigurations = (
				2306CF7B1EC3001600C4F8B7 /* Debug */,
				2306CF7C1EC3001600C4F8B7 /* Release */,
			);
			defaultConfigurationIsVisible = 0;
		};
/* End XCConfigurationList section */
	};
	rootObject = 2306CF3F1EC3001600C4F8B7 /* Project object */;
}
